
Microsoft Visual Studio Solution File, Format Version 12.00
# Visual Studio 15
Project("{FAE04EC0-301F-11D3-BF4B-00C04F79EFBC}") = "ReadDowTweets", "ReadDowTweets\ReadDowTweets.csproj", "{B704499D-9AF3-4566-96B7-D20EF52A3934}"
EndProject
Global
	GlobalSection(SolutionConfigurationPlatforms) = preSolution
		Debug|Any CPU = Debug|Any CPU
		Release|Any CPU = Release|Any CPU
	EndGlobalSection
	GlobalSection(ProjectConfigurationPlatforms) = postSolution
		{B704499D-9AF3-4566-96B7-D20EF52A3934}.Debug|Any CPU.ActiveCfg = Debug|Any CPU
		{B704499D-9AF3-4566-96B7-D20EF52A3934}.Debug|Any CPU.Build.0 = Debug|Any CPU
		{B704499D-9AF3-4566-96B7-D20EF52A3934}.Release|Any CPU.ActiveCfg = Release|Any CPU
		{B704499D-9AF3-4566-96B7-D20EF52A3934}.Release|Any CPU.Build.0 = Release|Any CPU
	EndGlobalSection
EndGlobal
